// !$*UTF8*$!
{
	archiveVersion = 1;
	classes = {
	};
	objectVersion = 56;
	objects = {

/* Begin PBXBuildFile section */
		28707C932C67C928008C19D1 /* AppDelegate.swift in Sources */ = {isa = PBXBuildFile; fileRef = 28707C922C67C928008C19D1 /* AppDelegate.swift */; };
		28707C952C67C928008C19D1 /* SceneDelegate.swift in Sources */ = {isa = PBXBuildFile; fileRef = 28707C942C67C928008C19D1 /* SceneDelegate.swift */; };
		28707C972C67C928008C19D1 /* ViewController.swift in Sources */ = {isa = PBXBuildFile; fileRef = 28707C962C67C928008C19D1 /* ViewController.swift */; };
		28707C9A2C67C928008C19D1 /* Base in Resources */ = {isa = PBXBuildFile; fileRef = 28707C992C67C928008C19D1 /* Base */; };
		28707C9C2C67C929008C19D1 /* Assets.xcassets in Resources */ = {isa = PBXBuildFile; fileRef = 28707C9B2C67C929008C19D1 /* Assets.xcassets */; };
		28707C9F2C67C929008C19D1 /* Base in Resources */ = {isa = PBXBuildFile; fileRef = 28707C9E2C67C929008C19D1 /* Base */; };
		28707CB22C688939008C19D1 /* Pretendard-ExtraBold.ttf in Resources */ = {isa = PBXBuildFile; fileRef = 28707CA92C688939008C19D1 /* Pretendard-ExtraBold.ttf */; };
		28707CB32C688939008C19D1 /* Pretendard-SemiBold.ttf in Resources */ = {isa = PBXBuildFile; fileRef = 28707CAA2C688939008C19D1 /* Pretendard-SemiBold.ttf */; };
		28707CB42C688939008C19D1 /* Pretendard-Bold.ttf in Resources */ = {isa = PBXBuildFile; fileRef = 28707CAB2C688939008C19D1 /* Pretendard-Bold.ttf */; };
		28707CB52C688939008C19D1 /* Pretendard-Light.ttf in Resources */ = {isa = PBXBuildFile; fileRef = 28707CAC2C688939008C19D1 /* Pretendard-Light.ttf */; };
		28707CB62C688939008C19D1 /* Pretendard-ExtraLight.ttf in Resources */ = {isa = PBXBuildFile; fileRef = 28707CAD2C688939008C19D1 /* Pretendard-ExtraLight.ttf */; };
		28707CB72C688939008C19D1 /* Pretendard-Thin.ttf in Resources */ = {isa = PBXBuildFile; fileRef = 28707CAE2C688939008C19D1 /* Pretendard-Thin.ttf */; };
		28707CB82C688939008C19D1 /* Pretendard-Regular.ttf in Resources */ = {isa = PBXBuildFile; fileRef = 28707CAF2C688939008C19D1 /* Pretendard-Regular.ttf */; };
		28707CB92C688939008C19D1 /* Pretendard-Black.ttf in Resources */ = {isa = PBXBuildFile; fileRef = 28707CB02C688939008C19D1 /* Pretendard-Black.ttf */; };
		28707CBA2C688939008C19D1 /* Pretendard-Medium.ttf in Resources */ = {isa = PBXBuildFile; fileRef = 28707CB12C688939008C19D1 /* Pretendard-Medium.ttf */; };
		28707CBC2C6894EA008C19D1 /* icon_profile.png in Resources */ = {isa = PBXBuildFile; fileRef = 28707CBB2C6894EA008C19D1 /* icon_profile.png */; };
/* End PBXBuildFile section */

/* Begin PBXFileReference section */
		28707C8F2C67C928008C19D1 /* helloWorld.app */ = {isa = PBXFileReference; explicitFileType = wrapper.application; includeInIndex = 0; path = helloWorld.app; sourceTree = BUILT_PRODUCTS_DIR; };
		28707C922C67C928008C19D1 /* AppDelegate.swift */ = {isa = PBXFileReference; lastKnownFileType = sourcecode.swift; path = AppDelegate.swift; sourceTree = "<group>"; };
		28707C942C67C928008C19D1 /* SceneDelegate.swift */ = {isa = PBXFileReference; lastKnownFileType = sourcecode.swift; path = SceneDelegate.swift; sourceTree = "<group>"; };
		28707C962C67C928008C19D1 /* ViewController.swift */ = {isa = PBXFileReference; lastKnownFileType = sourcecode.swift; path = ViewController.swift; sourceTree = "<group>"; };
		28707C992C67C928008C19D1 /* Base */ = {isa = PBXFileReference; lastKnownFileType = file.storyboard; name = Base; path = Base.lproj/Main.storyboard; sourceTree = "<group>"; };
		28707C9B2C67C929008C19D1 /* Assets.xcassets */ = {isa = PBXFileReference; lastKnownFileType = folder.assetcatalog; path = Assets.xcassets; sourceTree = "<group>"; };
		28707C9E2C67C929008C19D1 /* Base */ = {isa = PBXFileReference; lastKnownFileType = file.storyboard; name = Base; path = Base.lproj/LaunchScreen.storyboard; sourceTree = "<group>"; };
		28707CA02C67C929008C19D1 /* Info.plist */ = {isa = PBXFileReference; lastKnownFileType = text.plist.xml; path = Info.plist; sourceTree = "<group>"; };
		28707CA92C688939008C19D1 /* Pretendard-ExtraBold.ttf */ = {isa = PBXFileReference; lastKnownFileType = file; path = "Pretendard-ExtraBold.ttf"; sourceTree = "<group>"; };
		28707CAA2C688939008C19D1 /* Pretendard-SemiBold.ttf */ = {isa = PBXFileReference; lastKnownFileType = file; path = "Pretendard-SemiBold.ttf"; sourceTree = "<group>"; };
		28707CAB2C688939008C19D1 /* Pretendard-Bold.ttf */ = {isa = PBXFileReference; lastKnownFileType = file; path = "Pretendard-Bold.ttf"; sourceTree = "<group>"; };
		28707CAC2C688939008C19D1 /* Pretendard-Light.ttf */ = {isa = PBXFileReference; lastKnownFileType = file; path = "Pretendard-Light.ttf"; sourceTree = "<group>"; };
		28707CAD2C688939008C19D1 /* Pretendard-ExtraLight.ttf */ = {isa = PBXFileReference; lastKnownFileType = file; path = "Pretendard-ExtraLight.ttf"; sourceTree = "<group>"; };
		28707CAE2C688939008C19D1 /* Pretendard-Thin.ttf */ = {isa = PBXFileReference; lastKnownFileType = file; path = "Pretendard-Thin.ttf"; sourceTree = "<group>"; };
		28707CAF2C688939008C19D1 /* Pretendard-Regular.ttf */ = {isa = PBXFileReference; lastKnownFileType = file; path = "Pretendard-Regular.ttf"; sourceTree = "<group>"; };
		28707CB02C688939008C19D1 /* Pretendard-Black.ttf */ = {isa = PBXFileReference; lastKnownFileType = file; path = "Pretendard-Black.ttf"; sourceTree = "<group>"; };
		28707CB12C688939008C19D1 /* Pretendard-Medium.ttf */ = {isa = PBXFileReference; lastKnownFileType = file; path = "Pretendard-Medium.ttf"; sourceTree = "<group>"; };
		28707CBB2C6894EA008C19D1 /* icon_profile.png */ = {isa = PBXFileReference; lastKnownFileType = image.png; path = icon_profile.png; sourceTree = "<group>"; };
/* End PBXFileReference section */

/* Begin PBXFrameworksBuildPhase section */
		28707C8C2C67C928008C19D1 /* Frameworks */ = {
			isa = PBXFrameworksBuildPhase;
			buildActionMask = 2147483647;
			files = (
			);
			runOnlyForDeploymentPostprocessing = 0;
		};
/* End PBXFrameworksBuildPhase section */

/* Begin PBXGroup section */
		28707C862C67C928008C19D1 = {
			isa = PBXGroup;
			children = (
				28707C912C67C928008C19D1 /* helloWorld */,
				28707C902C67C928008C19D1 /* Products */,
			);
			sourceTree = "<group>";
		};
		28707C902C67C928008C19D1 /* Products */ = {
			isa = PBXGroup;
			children = (
				28707C8F2C67C928008C19D1 /* helloWorld.app */,
			);
			name = Products;
			sourceTree = "<group>";
		};
		28707C912C67C928008C19D1 /* helloWorld */ = {
			isa = PBXGroup;
			children = (
				28707CA62C688561008C19D1 /* assets */,
				28707C922C67C928008C19D1 /* AppDelegate.swift */,
				28707C942C67C928008C19D1 /* SceneDelegate.swift */,
				28707C962C67C928008C19D1 /* ViewController.swift */,
				28707CBB2C6894EA008C19D1 /* icon_profile.png */,
				28707C9B2C67C929008C19D1 /* Assets.xcassets */,
				28707C982C67C928008C19D1 /* Main.storyboard */,
				28707C9D2C67C929008C19D1 /* LaunchScreen.storyboard */,
				28707CA02C67C929008C19D1 /* Info.plist */,
			);
			path = helloWorld;
			sourceTree = "<group>";
		};
		28707CA62C688561008C19D1 /* assets */ = {
			isa = PBXGroup;
			children = (
				28707CA72C688574008C19D1 /* font */,
				28707CA82C688579008C19D1 /* icon */,
			);
			path = assets;
			sourceTree = "<group>";
		};
		28707CA72C688574008C19D1 /* font */ = {
			isa = PBXGroup;
			children = (
				28707CB02C688939008C19D1 /* Pretendard-Black.ttf */,
				28707CAB2C688939008C19D1 /* Pretendard-Bold.ttf */,
				28707CA92C688939008C19D1 /* Pretendard-ExtraBold.ttf */,
				28707CAD2C688939008C19D1 /* Pretendard-ExtraLight.ttf */,
				28707CAC2C688939008C19D1 /* Pretendard-Light.ttf */,
				28707CB12C688939008C19D1 /* Pretendard-Medium.ttf */,
				28707CAF2C688939008C19D1 /* Pretendard-Regular.ttf */,
				28707CAA2C688939008C19D1 /* Pretendard-SemiBold.ttf */,
				28707CAE2C688939008C19D1 /* Pretendard-Thin.ttf */,
			);
			path = font;
			sourceTree = "<group>";
		};
		28707CA82C688579008C19D1 /* icon */ = {
			isa = PBXGroup;
			children = (
			);
			path = icon;
			sourceTree = "<group>";
		};
/* End PBXGroup section */

/* Begin PBXNativeTarget section */
		28707C8E2C67C928008C19D1 /* helloWorld */ = {
			isa = PBXNativeTarget;
			buildConfigurationList = 28707CA32C67C929008C19D1 /* Build configuration list for PBXNativeTarget "helloWorld" */;
			buildPhases = (
				28707C8B2C67C928008C19D1 /* Sources */,
				28707C8C2C67C928008C19D1 /* Frameworks */,
				28707C8D2C67C928008C19D1 /* Resources */,
			);
			buildRules = (
			);
			dependencies = (
			);
			name = helloWorld;
			productName = helloWorld;
			productReference = 28707C8F2C67C928008C19D1 /* helloWorld.app */;
			productType = "com.apple.product-type.application";
		};
/* End PBXNativeTarget section */

/* Begin PBXProject section */
		28707C872C67C928008C19D1 /* Project object */ = {
			isa = PBXProject;
			attributes = {
				BuildIndependentTargetsInParallel = 1;
				LastSwiftUpdateCheck = 1540;
				LastUpgradeCheck = 1540;
				TargetAttributes = {
					28707C8E2C67C928008C19D1 = {
						CreatedOnToolsVersion = 15.4;
					};
				};
			};
			buildConfigurationList = 28707C8A2C67C928008C19D1 /* Build configuration list for PBXProject "helloWorld" */;
			compatibilityVersion = "Xcode 14.0";
			developmentRegion = en;
			hasScannedForEncodings = 0;
			knownRegions = (
				en,
				Base,
			);
			mainGroup = 28707C862C67C928008C19D1;
			productRefGroup = 28707C902C67C928008C19D1 /* Products */;
			projectDirPath = "";
			projectRoot = "";
			targets = (
				28707C8E2C67C928008C19D1 /* helloWorld */,
			);
		};
/* End PBXProject section */

/* Begin PBXResourcesBuildPhase section */
		28707C8D2C67C928008C19D1 /* Resources */ = {
			isa = PBXResourcesBuildPhase;
			buildActionMask = 2147483647;
			files = (
				28707CBC2C6894EA008C19D1 /* icon_profile.png in Resources */,
				28707CB72C688939008C19D1 /* Pretendard-Thin.ttf in Resources */,
				28707CB92C688939008C19D1 /* Pretendard-Black.ttf in Resources */,
				28707C9C2C67C929008C19D1 /* Assets.xcassets in Resources */,
				28707CB82C688939008C19D1 /* Pretendard-Regular.ttf in Resources */,
				28707C9F2C67C929008C19D1 /* Base in Resources */,
				28707CB32C688939008C19D1 /* Pretendard-SemiBold.ttf in Resources */,
				28707C9A2C67C928008C19D1 /* Base in Resources */,
				28707CB42C688939008C19D1 /* Pretendard-Bold.ttf in Resources */,
				28707CBA2C688939008C19D1 /* Pretendard-Medium.ttf in Resources */,
				28707CB22C688939008C19D1 /* Pretendard-ExtraBold.ttf in Resources */,
				28707CB52C688939008C19D1 /* Pretendard-Light.ttf in Resources */,
				28707CB62C688939008C19D1 /* Pretendard-ExtraLight.ttf in Resources */,
			);
			runOnlyForDeploymentPostprocessing = 0;
		};
/* End PBXResourcesBuildPhase section */

/* Begin PBXSourcesBuildPhase section */
		28707C8B2C67C928008C19D1 /* Sources */ = {
			isa = PBXSourcesBuildPhase;
			buildActionMask = 2147483647;
			files = (
				28707C972C67C928008C19D1 /* ViewController.swift in Sources */,
				28707C932C67C928008C19D1 /* AppDelegate.swift in Sources */,
				28707C952C67C928008C19D1 /* SceneDelegate.swift in Sources */,
			);
			runOnlyForDeploymentPostprocessing = 0;
		};
/* End PBXSourcesBuildPhase section */

/* Begin PBXVariantGroup section */
		28707C982C67C928008C19D1 /* Main.storyboard */ = {
			isa = PBXVariantGroup;
			children = (
				28707C992C67C928008C19D1 /* Base */,
			);
			name = Main.storyboard;
			sourceTree = "<group>";
		};
		28707C9D2C67C929008C19D1 /* LaunchScreen.storyboard */ = {
			isa = PBXVariantGroup;
			children = (
				28707C9E2C67C929008C19D1 /* Base */,
			);
			name = LaunchScreen.storyboard;
			sourceTree = "<group>";
		};
/* End PBXVariantGroup section */

/* Begin XCBuildConfiguration section */
		28707CA12C67C929008C19D1 /* Debug */ = {
			isa = XCBuildConfiguration;
			buildSettings = {
				ALWAYS_SEARCH_USER_PATHS = NO;
				ASSETCATALOG_COMPILER_GENERATE_SWIFT_ASSET_SYMBOL_EXTENSIONS = YES;
				CLANG_ANALYZER_NONNULL = YES;
				CLANG_ANALYZER_NUMBER_OBJECT_CONVERSION = YES_AGGRESSIVE;
				CLANG_CXX_LANGUAGE_STANDARD = "gnu++20";
				CLANG_ENABLE_MODULES = YES;
				CLANG_ENABLE_OBJC_ARC = YES;
				CLANG_ENABLE_OBJC_WEAK = YES;
				CLANG_WARN_BLOCK_CAPTURE_AUTORELEASING = YES;
				CLANG_WARN_BOOL_CONVERSION = YES;
				CLANG_WARN_COMMA = YES;
				CLANG_WARN_CONSTANT_CONVERSION = YES;
				CLANG_WARN_DEPRECATED_OBJC_IMPLEMENTATIONS = YES;
				CLANG_WARN_DIRECT_OBJC_ISA_USAGE = YES_ERROR;
				CLANG_WARN_DOCUMENTATION_COMMENTS = YES;
				CLANG_WARN_EMPTY_BODY = YES;
				CLANG_WARN_ENUM_CONVERSION = YES;
				CLANG_WARN_INFINITE_RECURSION = YES;
				CLANG_WARN_INT_CONVERSION = YES;
				CLANG_WARN_NON_LITERAL_NULL_CONVERSION = YES;
				CLANG_WARN_OBJC_IMPLICIT_RETAIN_SELF = YES;
				CLANG_WARN_OBJC_LITERAL_CONVERSION = YES;
				CLANG_WARN_OBJC_ROOT_CLASS = YES_ERROR;
				CLANG_WARN_QUOTED_INCLUDE_IN_FRAMEWORK_HEADER = YES;
				CLANG_WARN_RANGE_LOOP_ANALYSIS = YES;
				CLANG_WARN_STRICT_PROTOTYPES = YES;
				CLANG_WARN_SUSPICIOUS_MOVE = YES;
				CLANG_WARN_UNGUARDED_AVAILABILITY = YES_AGGRESSIVE;
				CLANG_WARN_UNREACHABLE_CODE = YES;
				CLANG_WARN__DUPLICATE_METHOD_MATCH = YES;
				COPY_PHASE_STRIP = NO;
				DEBUG_INFORMATION_FORMAT = dwarf;
				ENABLE_STRICT_OBJC_MSGSEND = YES;
				ENABLE_TESTABILITY = YES;
				ENABLE_USER_SCRIPT_SANDBOXING = YES;
				GCC_C_LANGUAGE_STANDARD = gnu17;
				GCC_DYNAMIC_NO_PIC = NO;
				GCC_NO_COMMON_BLOCKS = YES;
				GCC_OPTIMIZATION_LEVEL = 0;
				GCC_PREPROCESSOR_DEFINITIONS = (
					"DEBUG=1",
					"$(inherited)",
				);
				GCC_WARN_64_TO_32_BIT_CONVERSION = YES;
				GCC_WARN_ABOUT_RETURN_TYPE = YES_ERROR;
				GCC_WARN_UNDECLARED_SELECTOR = YES;
				GCC_WARN_UNINITIALIZED_AUTOS = YES_AGGRESSIVE;
				GCC_WARN_UNUSED_FUNCTION = YES;
				GCC_WARN_UNUSED_VARIABLE = YES;
				IPHONEOS_DEPLOYMENT_TARGET = 17.5;
				LOCALIZATION_PREFERS_STRING_CATALOGS = YES;
				MTL_ENABLE_DEBUG_INFO = INCLUDE_SOURCE;
				MTL_FAST_MATH = YES;
				ONLY_ACTIVE_ARCH = YES;
				SDKROOT = iphoneos;
				SWIFT_ACTIVE_COMPILATION_CONDITIONS = "DEBUG $(inherited)";
				SWIFT_OPTIMIZATION_LEVEL = "-Onone";
			};
			name = Debug;
		};
		28707CA22C67C929008C19D1 /* Release */ = {
			isa = XCBuildConfiguration;
			buildSettings = {
				ALWAYS_SEARCH_USER_PATHS = NO;
				ASSETCATALOG_COMPILER_GENERATE_SWIFT_ASSET_SYMBOL_EXTENSIONS = YES;
				CLANG_ANALYZER_NONNULL = YES;
				CLANG_ANALYZER_NUMBER_OBJECT_CONVERSION = YES_AGGRESSIVE;
				CLANG_CXX_LANGUAGE_STANDARD = "gnu++20";
				CLANG_ENABLE_MODULES = YES;
				CLANG_ENABLE_OBJC_ARC = YES;
				CLANG_ENABLE_OBJC_WEAK = YES;
				CLANG_WARN_BLOCK_CAPTURE_AUTORELEASING = YES;
				CLANG_WARN_BOOL_CONVERSION = YES;
				CLANG_WARN_COMMA = YES;
				CLANG_WARN_CONSTANT_CONVERSION = YES;
				CLANG_WARN_DEPRECATED_OBJC_IMPLEMENTATIONS = YES;
				CLANG_WARN_DIRECT_OBJC_ISA_USAGE = YES_ERROR;
				CLANG_WARN_DOCUMENTATION_COMMENTS = YES;
				CLANG_WARN_EMPTY_BODY = YES;
				CLANG_WARN_ENUM_CONVERSION = YES;
				CLANG_WARN_INFINITE_RECURSION = YES;
				CLANG_WARN_INT_CONVERSION = YES;
				CLANG_WARN_NON_LITERAL_NULL_CONVERSION = YES;
				CLANG_WARN_OBJC_IMPLICIT_RETAIN_SELF = YES;
				CLANG_WARN_OBJC_LITERAL_CONVERSION = YES;
				CLANG_WARN_OBJC_ROOT_CLASS = YES_ERROR;
				CLANG_WARN_QUOTED_INCLUDE_IN_FRAMEWORK_HEADER = YES;
				CLANG_WARN_RANGE_LOOP_ANALYSIS = YES;
				CLANG_WARN_STRICT_PROTOTYPES = YES;
				CLANG_WARN_SUSPICIOUS_MOVE = YES;
				CLANG_WARN_UNGUARDED_AVAILABILITY = YES_AGGRESSIVE;
				CLANG_WARN_UNREACHABLE_CODE = YES;
				CLANG_WARN__DUPLICATE_METHOD_MATCH = YES;
				COPY_PHASE_STRIP = NO;
				DEBUG_INFORMATION_FORMAT = "dwarf-with-dsym";
				ENABLE_NS_ASSERTIONS = NO;
				ENABLE_STRICT_OBJC_MSGSEND = YES;
				ENABLE_USER_SCRIPT_SANDBOXING = YES;
				GCC_C_LANGUAGE_STANDARD = gnu17;
				GCC_NO_COMMON_BLOCKS = YES;
				GCC_WARN_64_TO_32_BIT_CONVERSION = YES;
				GCC_WARN_ABOUT_RETURN_TYPE = YES_ERROR;
				GCC_WARN_UNDECLARED_SELECTOR = YES;
				GCC_WARN_UNINITIALIZED_AUTOS = YES_AGGRESSIVE;
				GCC_WARN_UNUSED_FUNCTION = YES;
				GCC_WARN_UNUSED_VARIABLE = YES;
				IPHONEOS_DEPLOYMENT_TARGET = 17.5;
				LOCALIZATION_PREFERS_STRING_CATALOGS = YES;
				MTL_ENABLE_DEBUG_INFO = NO;
				MTL_FAST_MATH = YES;
				SDKROOT = iphoneos;
				SWIFT_COMPILATION_MODE = wholemodule;
				VALIDATE_PRODUCT = YES;
			};
			name = Release;
		};
		28707CA42C67C929008C19D1 /* Debug */ = {
			isa = XCBuildConfiguration;
			buildSettings = {
				ASSETCATALOG_COMPILER_APPICON_NAME = AppIcon;
				ASSETCATALOG_COMPILER_GLOBAL_ACCENT_COLOR_NAME = AccentColor;
				CODE_SIGN_STYLE = Automatic;
				CURRENT_PROJECT_VERSION = 1;
				GENERATE_INFOPLIST_FILE = YES;
				INFOPLIST_FILE = helloWorld/Info.plist;
				INFOPLIST_KEY_UIApplicationSupportsIndirectInputEvents = YES;
				INFOPLIST_KEY_UILaunchStoryboardName = LaunchScreen;
				INFOPLIST_KEY_UIMainStoryboardFile = Main;
				INFOPLIST_KEY_UISupportedInterfaceOrientations_iPad = "UIInterfaceOrientationPortrait UIInterfaceOrientationPortraitUpsideDown UIInterfaceOrientationLandscapeLeft UIInterfaceOrientationLandscapeRight";
				INFOPLIST_KEY_UISupportedInterfaceOrientations_iPhone = "UIInterfaceOrientationPortrait UIInterfaceOrientationLandscapeLeft UIInterfaceOrientationLandscapeRight";
				LD_RUNPATH_SEARCH_PATHS = (
					"$(inherited)",
					"@executable_path/Frameworks",
				);
				MARKETING_VERSION = 1.0;
				PRODUCT_BUNDLE_IDENTIFIER = com.sunjae.helloWorld;
				PRODUCT_NAME = "$(TARGET_NAME)";
				SWIFT_EMIT_LOC_STRINGS = YES;
				SWIFT_VERSION = 5.0;
				TARGETED_DEVICE_FAMILY = "1,2";
			};
			name = Debug;
		};
		28707CA52C67C929008C19D1 /* Release */ = {
			isa = XCBuildConfiguration;
			buildSettings = {
				ASSETCATALOG_COMPILER_APPICON_NAME = AppIcon;
				ASSETCATALOG_COMPILER_GLOBAL_ACCENT_COLOR_NAME = AccentColor;
				CODE_SIGN_STYLE = Automatic;
				CURRENT_PROJECT_VERSION = 1;
				GENERATE_INFOPLIST_FILE = YES;
				INFOPLIST_FILE = helloWorld/Info.plist;
				INFOPLIST_KEY_UIApplicationSupportsIndirectInputEvents = YES;
				INFOPLIST_KEY_UILaunchStoryboardName = LaunchScreen;
				INFOPLIST_KEY_UIMainStoryboardFile = Main;
				INFOPLIST_KEY_UISupportedInterfaceOrientations_iPad = "UIInterfaceOrientationPortrait UIInterfaceOrientationPortraitUpsideDown UIInterfaceOrientationLandscapeLeft UIInterfaceOrientationLandscapeRight";
				INFOPLIST_KEY_UISupportedInterfaceOrientations_iPhone = "UIInterfaceOrientationPortrait UIInterfaceOrientationLandscapeLeft UIInterfaceOrientationLandscapeRight";
				LD_RUNPATH_SEARCH_PATHS = (
					"$(inherited)",
					"@executable_path/Frameworks",
				);
				MARKETING_VERSION = 1.0;
				PRODUCT_BUNDLE_IDENTIFIER = com.sunjae.helloWorld;
				PRODUCT_NAME = "$(TARGET_NAME)";
				SWIFT_EMIT_LOC_STRINGS = YES;
				SWIFT_VERSION = 5.0;
				TARGETED_DEVICE_FAMILY = "1,2";
			};
			name = Release;
		};
/* End XCBuildConfiguration section */

/* Begin XCConfigurationList section */
		28707C8A2C67C928008C19D1 /* Build configuration list for PBXProject "helloWorld" */ = {
			isa = XCConfigurationList;
			buildConfigurations = (
				28707CA12C67C929008C19D1 /* Debug */,
				28707CA22C67C929008C19D1 /* Release */,
			);
			defaultConfigurationIsVisible = 0;
			defaultConfigurationName = Release;
		};
		28707CA32C67C929008C19D1 /* Build configuration list for PBXNativeTarget "helloWorld" */ = {
			isa = XCConfigurationList;
			buildConfigurations = (
				28707CA42C67C929008C19D1 /* Debug */,
				28707CA52C67C929008C19D1 /* Release */,
			);
			defaultConfigurationIsVisible = 0;
			defaultConfigurationName = Release;
		};
/* End XCConfigurationList section */
	};
	rootObject = 28707C872C67C928008C19D1 /* Project object */;
}
