// !$*UTF8*$!
{
	archiveVersion = 1;
	classes = {
	};
	objectVersion = 77;
	objects = {

/* Begin PBXContainerItemProxy section */
		28A495302CA25BA20030520D /* PBXContainerItemProxy */ = {
			isa = PBXContainerItemProxy;
			containerPortal = 28A495112CA25BA00030520D /* Project object */;
			proxyType = 1;
			remoteGlobalIDString = 28A495182CA25BA00030520D;
			remoteInfo = cameraPhotoLibarary;
		};
		28A4953A2CA25BA20030520D /* PBXContainerItemProxy */ = {
			isa = PBXContainerItemProxy;
			containerPortal = 28A495112CA25BA00030520D /* Project object */;
			proxyType = 1;
			remoteGlobalIDString = 28A495182CA25BA00030520D;
			remoteInfo = cameraPhotoLibarary;
		};
/* End PBXContainerItemProxy section */

/* Begin PBXFileReference section */
		28A495192CA25BA00030520D /* cameraPhotoLibarary.app */ = {isa = PBXFileReference; explicitFileType = wrapper.application; includeInIndex = 0; path = cameraPhotoLibarary.app; sourceTree = BUILT_PRODUCTS_DIR; };
		28A4952F2CA25BA20030520D /* cameraPhotoLibararyTests.xctest */ = {isa = PBXFileReference; explicitFileType = wrapper.cfbundle; includeInIndex = 0; path = cameraPhotoLibararyTests.xctest; sourceTree = BUILT_PRODUCTS_DIR; };
		28A495392CA25BA20030520D /* cameraPhotoLibararyUITests.xctest */ = {isa = PBXFileReference; explicitFileType = wrapper.cfbundle; includeInIndex = 0; path = cameraPhotoLibararyUITests.xctest; sourceTree = BUILT_PRODUCTS_DIR; };
/* End PBXFileReference section */

/* Begin PBXFileSystemSynchronizedBuildFileExceptionSet section */
		28A495412CA25BA20030520D /* Exceptions for "cameraPhotoLibarary" folder in "cameraPhotoLibarary" target */ = {
			isa = PBXFileSystemSynchronizedBuildFileExceptionSet;
			membershipExceptions = (
				Info.plist,
			);
			target = 28A495182CA25BA00030520D /* cameraPhotoLibarary */;
		};
/* End PBXFileSystemSynchronizedBuildFileExceptionSet section */

/* Begin PBXFileSystemSynchronizedRootGroup section */
		28A4951B2CA25BA00030520D /* cameraPhotoLibarary */ = {
			isa = PBXFileSystemSynchronizedRootGroup;
			exceptions = (
				28A495412CA25BA20030520D /* Exceptions for "cameraPhotoLibarary" folder in "cameraPhotoLibarary" target */,
			);
			path = cameraPhotoLibarary;
			sourceTree = "<group>";
		};
		28A495322CA25BA20030520D /* cameraPhotoLibararyTests */ = {
			isa = PBXFileSystemSynchronizedRootGroup;
			path = cameraPhotoLibararyTests;
			sourceTree = "<group>";
		};
		28A4953C2CA25BA20030520D /* cameraPhotoLibararyUITests */ = {
			isa = PBXFileSystemSynchronizedRootGroup;
			path = cameraPhotoLibararyUITests;
			sourceTree = "<group>";
		};
/* End PBXFileSystemSynchronizedRootGroup section */

/* Begin PBXFrameworksBuildPhase section */
		28A495162CA25BA00030520D /* Frameworks */ = {
			isa = PBXFrameworksBuildPhase;
			buildActionMask = 2147483647;
			files = (
			);
			runOnlyForDeploymentPostprocessing = 0;
		};
		28A4952C2CA25BA20030520D /* Frameworks */ = {
			isa = PBXFrameworksBuildPhase;
			buildActionMask = 2147483647;
			files = (
			);
			runOnlyForDeploymentPostprocessing = 0;
		};
		28A495362CA25BA20030520D /* Frameworks */ = {
			isa = PBXFrameworksBuildPhase;
			buildActionMask = 2147483647;
			files = (
			);
			runOnlyForDeploymentPostprocessing = 0;
		};
/* End PBXFrameworksBuildPhase section */

/* Begin PBXGroup section */
		28A495102CA25BA00030520D = {
			isa = PBXGroup;
			children = (
				28A4951B2CA25BA00030520D /* cameraPhotoLibarary */,
				28A495322CA25BA20030520D /* cameraPhotoLibararyTests */,
				28A4953C2CA25BA20030520D /* cameraPhotoLibararyUITests */,
				28A4951A2CA25BA00030520D /* Products */,
			);
			sourceTree = "<group>";
		};
		28A4951A2CA25BA00030520D /* Products */ = {
			isa = PBXGroup;
			children = (
				28A495192CA25BA00030520D /* cameraPhotoLibarary.app */,
				28A4952F2CA25BA20030520D /* cameraPhotoLibararyTests.xctest */,
				28A495392CA25BA20030520D /* cameraPhotoLibararyUITests.xctest */,
			);
			name = Products;
			sourceTree = "<group>";
		};
/* End PBXGroup section */

/* Begin PBXNativeTarget section */
		28A495182CA25BA00030520D /* cameraPhotoLibarary */ = {
			isa = PBXNativeTarget;
			buildConfigurationList = 28A495422CA25BA20030520D /* Build configuration list for PBXNativeTarget "cameraPhotoLibarary" */;
			buildPhases = (
				28A495152CA25BA00030520D /* Sources */,
				28A495162CA25BA00030520D /* Frameworks */,
				28A495172CA25BA00030520D /* Resources */,
			);
			buildRules = (
			);
			dependencies = (
			);
			fileSystemSynchronizedGroups = (
				28A4951B2CA25BA00030520D /* cameraPhotoLibarary */,
			);
			name = cameraPhotoLibarary;
			packageProductDependencies = (
			);
			productName = cameraPhotoLibarary;
			productReference = 28A495192CA25BA00030520D /* cameraPhotoLibarary.app */;
			productType = "com.apple.product-type.application";
		};
		28A4952E2CA25BA20030520D /* cameraPhotoLibararyTests */ = {
			isa = PBXNativeTarget;
			buildConfigurationList = 28A495472CA25BA20030520D /* Build configuration list for PBXNativeTarget "cameraPhotoLibararyTests" */;
			buildPhases = (
				28A4952B2CA25BA20030520D /* Sources */,
				28A4952C2CA25BA20030520D /* Frameworks */,
				28A4952D2CA25BA20030520D /* Resources */,
			);
			buildRules = (
			);
			dependencies = (
				28A495312CA25BA20030520D /* PBXTargetDependency */,
			);
			fileSystemSynchronizedGroups = (
				28A495322CA25BA20030520D /* cameraPhotoLibararyTests */,
			);
			name = cameraPhotoLibararyTests;
			packageProductDependencies = (
			);
			productName = cameraPhotoLibararyTests;
			productReference = 28A4952F2CA25BA20030520D /* cameraPhotoLibararyTests.xctest */;
			productType = "com.apple.product-type.bundle.unit-test";
		};
		28A495382CA25BA20030520D /* cameraPhotoLibararyUITests */ = {
			isa = PBXNativeTarget;
			buildConfigurationList = 28A4954A2CA25BA20030520D /* Build configuration list for PBXNativeTarget "cameraPhotoLibararyUITests" */;
			buildPhases = (
				28A495352CA25BA20030520D /* Sources */,
				28A495362CA25BA20030520D /* Frameworks */,
				28A495372CA25BA20030520D /* Resources */,
			);
			buildRules = (
			);
			dependencies = (
				28A4953B2CA25BA20030520D /* PBXTargetDependency */,
			);
			fileSystemSynchronizedGroups = (
				28A4953C2CA25BA20030520D /* cameraPhotoLibararyUITests */,
			);
			name = cameraPhotoLibararyUITests;
			packageProductDependencies = (
			);
			productName = cameraPhotoLibararyUITests;
			productReference = 28A495392CA25BA20030520D /* cameraPhotoLibararyUITests.xctest */;
			productType = "com.apple.product-type.bundle.ui-testing";
		};
/* End PBXNativeTarget section */

/* Begin PBXProject section */
		28A495112CA25BA00030520D /* Project object */ = {
			isa = PBXProject;
			attributes = {
				BuildIndependentTargetsInParallel = 1;
				LastSwiftUpdateCheck = 1600;
				LastUpgradeCheck = 1600;
				TargetAttributes = {
					28A495182CA25BA00030520D = {
						CreatedOnToolsVersion = 16.0;
					};
					28A4952E2CA25BA20030520D = {
						CreatedOnToolsVersion = 16.0;
						TestTargetID = 28A495182CA25BA00030520D;
					};
					28A495382CA25BA20030520D = {
						CreatedOnToolsVersion = 16.0;
						TestTargetID = 28A495182CA25BA00030520D;
					};
				};
			};
			buildConfigurationList = 28A495142CA25BA00030520D /* Build configuration list for PBXProject "cameraPhotoLibarary" */;
			developmentRegion = en;
			hasScannedForEncodings = 0;
			knownRegions = (
				en,
				Base,
			);
			mainGroup = 28A495102CA25BA00030520D;
			minimizedProjectReferenceProxies = 1;
			preferredProjectObjectVersion = 77;
			productRefGroup = 28A4951A2CA25BA00030520D /* Products */;
			projectDirPath = "";
			projectRoot = "";
			targets = (
				28A495182CA25BA00030520D /* cameraPhotoLibarary */,
				28A4952E2CA25BA20030520D /* cameraPhotoLibararyTests */,
				28A495382CA25BA20030520D /* cameraPhotoLibararyUITests */,
			);
		};
/* End PBXProject section */

/* Begin PBXResourcesBuildPhase section */
		28A495172CA25BA00030520D /* Resources */ = {
			isa = PBXResourcesBuildPhase;
			buildActionMask = 2147483647;
			files = (
			);
			runOnlyForDeploymentPostprocessing = 0;
		};
		28A4952D2CA25BA20030520D /* Resources */ = {
			isa = PBXResourcesBuildPhase;
			buildActionMask = 2147483647;
			files = (
			);
			runOnlyForDeploymentPostprocessing = 0;
		};
		28A495372CA25BA20030520D /* Resources */ = {
			isa = PBXResourcesBuildPhase;
			buildActionMask = 2147483647;
			files = (
			);
			runOnlyForDeploymentPostprocessing = 0;
		};
/* End PBXResourcesBuildPhase section */

/* Begin PBXSourcesBuildPhase section */
		28A495152CA25BA00030520D /* Sources */ = {
			isa = PBXSourcesBuildPhase;
			buildActionMask = 2147483647;
			files = (
			);
			runOnlyForDeploymentPostprocessing = 0;
		};
		28A4952B2CA25BA20030520D /* Sources */ = {
			isa = PBXSourcesBuildPhase;
			buildActionMask = 2147483647;
			files = (
			);
			runOnlyForDeploymentPostprocessing = 0;
		};
		28A495352CA25BA20030520D /* Sources */ = {
			isa = PBXSourcesBuildPhase;
			buildActionMask = 2147483647;
			files = (
			);
			runOnlyForDeploymentPostprocessing = 0;
		};
/* End PBXSourcesBuildPhase section */

/* Begin PBXTargetDependency section */
		28A495312CA25BA20030520D /* PBXTargetDependency */ = {
			isa = PBXTargetDependency;
			target = 28A495182CA25BA00030520D /* cameraPhotoLibarary */;
			targetProxy = 28A495302CA25BA20030520D /* PBXContainerItemProxy */;
		};
		28A4953B2CA25BA20030520D /* PBXTargetDependency */ = {
			isa = PBXTargetDependency;
			target = 28A495182CA25BA00030520D /* cameraPhotoLibarary */;
			targetProxy = 28A4953A2CA25BA20030520D /* PBXContainerItemProxy */;
		};
/* End PBXTargetDependency section */

/* Begin XCBuildConfiguration section */
		28A495432CA25BA20030520D /* Debug */ = {
			isa = XCBuildConfiguration;
			buildSettings = {
				ASSETCATALOG_COMPILER_APPICON_NAME = AppIcon;
				ASSETCATALOG_COMPILER_GLOBAL_ACCENT_COLOR_NAME = AccentColor;
				CODE_SIGN_STYLE = Automatic;
				CURRENT_PROJECT_VERSION = 1;
				GENERATE_INFOPLIST_FILE = YES;
				INFOPLIST_FILE = cameraPhotoLibarary/Info.plist;
				INFOPLIST_KEY_UIApplicationSupportsIndirectInputEvents = YES;
				INFOPLIST_KEY_UILaunchStoryboardName = LaunchScreen;
				INFOPLIST_KEY_UIMainStoryboardFile = Main;
				INFOPLIST_KEY_UISupportedInterfaceOrientations_iPad = "UIInterfaceOrientationPortrait UIInterfaceOrientationPortraitUpsideDown UIInterfaceOrientationLandscapeLeft UIInterfaceOrientationLandscapeRight";
				INFOPLIST_KEY_UISupportedInterfaceOrientations_iPhone = "UIInterfaceOrientationPortrait UIInterfaceOrientationLandscapeLeft UIInterfaceOrientationLandscapeRight";
				LD_RUNPATH_SEARCH_PATHS = (
					"$(inherited)",
					"@executable_path/Frameworks",
				);
				MARKETING_VERSION = 1.0;
				PRODUCT_BUNDLE_IDENTIFIER = com.sunjae.cameraPhotoLibarary;
				PRODUCT_NAME = "$(TARGET_NAME)";
				SWIFT_EMIT_LOC_STRINGS = YES;
				SWIFT_VERSION = 5.0;
				TARGETED_DEVICE_FAMILY = "1,2";
			};
			name = Debug;
		};
		28A495442CA25BA20030520D /* Release */ = {
			isa = XCBuildConfiguration;
			buildSettings = {
				ASSETCATALOG_COMPILER_APPICON_NAME = AppIcon;
				ASSETCATALOG_COMPILER_GLOBAL_ACCENT_COLOR_NAME = AccentColor;
				CODE_SIGN_STYLE = Automatic;
				CURRENT_PROJECT_VERSION = 1;
				GENERATE_INFOPLIST_FILE = YES;
				INFOPLIST_FILE = cameraPhotoLibarary/Info.plist;
				INFOPLIST_KEY_UIApplicationSupportsIndirectInputEvents = YES;
				INFOPLIST_KEY_UILaunchStoryboardName = LaunchScreen;
				INFOPLIST_KEY_UIMainStoryboardFile = Main;
				INFOPLIST_KEY_UISupportedInterfaceOrientations_iPad = "UIInterfaceOrientationPortrait UIInterfaceOrientationPortraitUpsideDown UIInterfaceOrientationLandscapeLeft UIInterfaceOrientationLandscapeRight";
				INFOPLIST_KEY_UISupportedInterfaceOrientations_iPhone = "UIInterfaceOrientationPortrait UIInterfaceOrientationLandscapeLeft UIInterfaceOrientationLandscapeRight";
				LD_RUNPATH_SEARCH_PATHS = (
					"$(inherited)",
					"@executable_path/Frameworks",
				);
				MARKETING_VERSION = 1.0;
				PRODUCT_BUNDLE_IDENTIFIER = com.sunjae.cameraPhotoLibarary;
				PRODUCT_NAME = "$(TARGET_NAME)";
				SWIFT_EMIT_LOC_STRINGS = YES;
				SWIFT_VERSION = 5.0;
				TARGETED_DEVICE_FAMILY = "1,2";
			};
			name = Release;
		};
		28A495452CA25BA20030520D /* Debug */ = {
			isa = XCBuildConfiguration;
			buildSettings = {
				ALWAYS_SEARCH_USER_PATHS = NO;
				ASSETCATALOG_COMPILER_GENERATE_SWIFT_ASSET_SYMBOL_EXTENSIONS = YES;
				CLANG_ANALYZER_NONNULL = YES;
				CLANG_ANALYZER_NUMBER_OBJECT_CONVERSION = YES_AGGRESSIVE;
				CLANG_CXX_LANGUAGE_STANDARD = "gnu++20";
				CLANG_ENABLE_MODULES = YES;
				CLANG_ENABLE_OBJC_ARC = YES;
				CLANG_ENABLE_OBJC_WEAK = YES;
				CLANG_WARN_BLOCK_CAPTURE_AUTORELEASING = YES;
				CLANG_WARN_BOOL_CONVERSION = YES;
				CLANG_WARN_COMMA = YES;
				CLANG_WARN_CONSTANT_CONVERSION = YES;
				CLANG_WARN_DEPRECATED_OBJC_IMPLEMENTATIONS = YES;
				CLANG_WARN_DIRECT_OBJC_ISA_USAGE = YES_ERROR;
				CLANG_WARN_DOCUMENTATION_COMMENTS = YES;
				CLANG_WARN_EMPTY_BODY = YES;
				CLANG_WARN_ENUM_CONVERSION = YES;
				CLANG_WARN_INFINITE_RECURSION = YES;
				CLANG_WARN_INT_CONVERSION = YES;
				CLANG_WARN_NON_LITERAL_NULL_CONVERSION = YES;
				CLANG_WARN_OBJC_IMPLICIT_RETAIN_SELF = YES;
				CLANG_WARN_OBJC_LITERAL_CONVERSION = YES;
				CLANG_WARN_OBJC_ROOT_CLASS = YES_ERROR;
				CLANG_WARN_QUOTED_INCLUDE_IN_FRAMEWORK_HEADER = YES;
				CLANG_WARN_RANGE_LOOP_ANALYSIS = YES;
				CLANG_WARN_STRICT_PROTOTYPES = YES;
				CLANG_WARN_SUSPICIOUS_MOVE = YES;
				CLANG_WARN_UNGUARDED_AVAILABILITY = YES_AGGRESSIVE;
				CLANG_WARN_UNREACHABLE_CODE = YES;
				CLANG_WARN__DUPLICATE_METHOD_MATCH = YES;
				COPY_PHASE_STRIP = NO;
				DEBUG_INFORMATION_FORMAT = dwarf;
				ENABLE_STRICT_OBJC_MSGSEND = YES;
				ENABLE_TESTABILITY = YES;
				ENABLE_USER_SCRIPT_SANDBOXING = YES;
				GCC_C_LANGUAGE_STANDARD = gnu17;
				GCC_DYNAMIC_NO_PIC = NO;
				GCC_NO_COMMON_BLOCKS = YES;
				GCC_OPTIMIZATION_LEVEL = 0;
				GCC_PREPROCESSOR_DEFINITIONS = (
					"DEBUG=1",
					"$(inherited)",
				);
				GCC_WARN_64_TO_32_BIT_CONVERSION = YES;
				GCC_WARN_ABOUT_RETURN_TYPE = YES_ERROR;
				GCC_WARN_UNDECLARED_SELECTOR = YES;
				GCC_WARN_UNINITIALIZED_AUTOS = YES_AGGRESSIVE;
				GCC_WARN_UNUSED_FUNCTION = YES;
				GCC_WARN_UNUSED_VARIABLE = YES;
				IPHONEOS_DEPLOYMENT_TARGET = 18.0;
				LOCALIZATION_PREFERS_STRING_CATALOGS = YES;
				MTL_ENABLE_DEBUG_INFO = INCLUDE_SOURCE;
				MTL_FAST_MATH = YES;
				ONLY_ACTIVE_ARCH = YES;
				SDKROOT = iphoneos;
				SWIFT_ACTIVE_COMPILATION_CONDITIONS = "DEBUG $(inherited)";
				SWIFT_OPTIMIZATION_LEVEL = "-Onone";
			};
			name = Debug;
		};
		28A495462CA25BA20030520D /* Release */ = {
			isa = XCBuildConfiguration;
			buildSettings = {
				ALWAYS_SEARCH_USER_PATHS = NO;
				ASSETCATALOG_COMPILER_GENERATE_SWIFT_ASSET_SYMBOL_EXTENSIONS = YES;
				CLANG_ANALYZER_NONNULL = YES;
				CLANG_ANALYZER_NUMBER_OBJECT_CONVERSION = YES_AGGRESSIVE;
				CLANG_CXX_LANGUAGE_STANDARD = "gnu++20";
				CLANG_ENABLE_MODULES = YES;
				CLANG_ENABLE_OBJC_ARC = YES;
				CLANG_ENABLE_OBJC_WEAK = YES;
				CLANG_WARN_BLOCK_CAPTURE_AUTORELEASING = YES;
				CLANG_WARN_BOOL_CONVERSION = YES;
				CLANG_WARN_COMMA = YES;
				CLANG_WARN_CONSTANT_CONVERSION = YES;
				CLANG_WARN_DEPRECATED_OBJC_IMPLEMENTATIONS = YES;
				CLANG_WARN_DIRECT_OBJC_ISA_USAGE = YES_ERROR;
				CLANG_WARN_DOCUMENTATION_COMMENTS = YES;
				CLANG_WARN_EMPTY_BODY = YES;
				CLANG_WARN_ENUM_CONVERSION = YES;
				CLANG_WARN_INFINITE_RECURSION = YES;
				CLANG_WARN_INT_CONVERSION = YES;
				CLANG_WARN_NON_LITERAL_NULL_CONVERSION = YES;
				CLANG_WARN_OBJC_IMPLICIT_RETAIN_SELF = YES;
				CLANG_WARN_OBJC_LITERAL_CONVERSION = YES;
				CLANG_WARN_OBJC_ROOT_CLASS = YES_ERROR;
				CLANG_WARN_QUOTED_INCLUDE_IN_FRAMEWORK_HEADER = YES;
				CLANG_WARN_RANGE_LOOP_ANALYSIS = YES;
				CLANG_WARN_STRICT_PROTOTYPES = YES;
				CLANG_WARN_SUSPICIOUS_MOVE = YES;
				CLANG_WARN_UNGUARDED_AVAILABILITY = YES_AGGRESSIVE;
				CLANG_WARN_UNREACHABLE_CODE = YES;
				CLANG_WARN__DUPLICATE_METHOD_MATCH = YES;
				COPY_PHASE_STRIP = NO;
				DEBUG_INFORMATION_FORMAT = "dwarf-with-dsym";
				ENABLE_NS_ASSERTIONS = NO;
				ENABLE_STRICT_OBJC_MSGSEND = YES;
				ENABLE_USER_SCRIPT_SANDBOXING = YES;
				GCC_C_LANGUAGE_STANDARD = gnu17;
				GCC_NO_COMMON_BLOCKS = YES;
				GCC_WARN_64_TO_32_BIT_CONVERSION = YES;
				GCC_WARN_ABOUT_RETURN_TYPE = YES_ERROR;
				GCC_WARN_UNDECLARED_SELECTOR = YES;
				GCC_WARN_UNINITIALIZED_AUTOS = YES_AGGRESSIVE;
				GCC_WARN_UNUSED_FUNCTION = YES;
				GCC_WARN_UNUSED_VARIABLE = YES;
				IPHONEOS_DEPLOYMENT_TARGET = 18.0;
				LOCALIZATION_PREFERS_STRING_CATALOGS = YES;
				MTL_ENABLE_DEBUG_INFO = NO;
				MTL_FAST_MATH = YES;
				SDKROOT = iphoneos;
				SWIFT_COMPILATION_MODE = wholemodule;
				VALIDATE_PRODUCT = YES;
			};
			name = Release;
		};
		28A495482CA25BA20030520D /* Debug */ = {
			isa = XCBuildConfiguration;
			buildSettings = {
				BUNDLE_LOADER = "$(TEST_HOST)";
				CODE_SIGN_STYLE = Automatic;
				CURRENT_PROJECT_VERSION = 1;
				GENERATE_INFOPLIST_FILE = YES;
				IPHONEOS_DEPLOYMENT_TARGET = 18.0;
				MARKETING_VERSION = 1.0;
				PRODUCT_BUNDLE_IDENTIFIER = com.sunjae.cameraPhotoLibararyTests;
				PRODUCT_NAME = "$(TARGET_NAME)";
				SWIFT_EMIT_LOC_STRINGS = NO;
				SWIFT_VERSION = 5.0;
				TARGETED_DEVICE_FAMILY = "1,2";
				TEST_HOST = "$(BUILT_PRODUCTS_DIR)/cameraPhotoLibarary.app/$(BUNDLE_EXECUTABLE_FOLDER_PATH)/cameraPhotoLibarary";
			};
			name = Debug;
		};
		28A495492CA25BA20030520D /* Release */ = {
			isa = XCBuildConfiguration;
			buildSettings = {
				BUNDLE_LOADER = "$(TEST_HOST)";
				CODE_SIGN_STYLE = Automatic;
				CURRENT_PROJECT_VERSION = 1;
				GENERATE_INFOPLIST_FILE = YES;
				IPHONEOS_DEPLOYMENT_TARGET = 18.0;
				MARKETING_VERSION = 1.0;
				PRODUCT_BUNDLE_IDENTIFIER = com.sunjae.cameraPhotoLibararyTests;
				PRODUCT_NAME = "$(TARGET_NAME)";
				SWIFT_EMIT_LOC_STRINGS = NO;
				SWIFT_VERSION = 5.0;
				TARGETED_DEVICE_FAMILY = "1,2";
				TEST_HOST = "$(BUILT_PRODUCTS_DIR)/cameraPhotoLibarary.app/$(BUNDLE_EXECUTABLE_FOLDER_PATH)/cameraPhotoLibarary";
			};
			name = Release;
		};
		28A4954B2CA25BA20030520D /* Debug */ = {
			isa = XCBuildConfiguration;
			buildSettings = {
				CODE_SIGN_STYLE = Automatic;
				CURRENT_PROJECT_VERSION = 1;
				GENERATE_INFOPLIST_FILE = YES;
				MARKETING_VERSION = 1.0;
				PRODUCT_BUNDLE_IDENTIFIER = com.sunjae.cameraPhotoLibararyUITests;
				PRODUCT_NAME = "$(TARGET_NAME)";
				SWIFT_EMIT_LOC_STRINGS = NO;
				SWIFT_VERSION = 5.0;
				TARGETED_DEVICE_FAMILY = "1,2";
				TEST_TARGET_NAME = cameraPhotoLibarary;
			};
			name = Debug;
		};
		28A4954C2CA25BA20030520D /* Release */ = {
			isa = XCBuildConfiguration;
			buildSettings = {
				CODE_SIGN_STYLE = Automatic;
				CURRENT_PROJECT_VERSION = 1;
				GENERATE_INFOPLIST_FILE = YES;
				MARKETING_VERSION = 1.0;
				PRODUCT_BUNDLE_IDENTIFIER = com.sunjae.cameraPhotoLibararyUITests;
				PRODUCT_NAME = "$(TARGET_NAME)";
				SWIFT_EMIT_LOC_STRINGS = NO;
				SWIFT_VERSION = 5.0;
				TARGETED_DEVICE_FAMILY = "1,2";
				TEST_TARGET_NAME = cameraPhotoLibarary;
			};
			name = Release;
		};
/* End XCBuildConfiguration section */

/* Begin XCConfigurationList section */
		28A495142CA25BA00030520D /* Build configuration list for PBXProject "cameraPhotoLibarary" */ = {
			isa = XCConfigurationList;
			buildConfigurations = (
				28A495452CA25BA20030520D /* Debug */,
				28A495462CA25BA20030520D /* Release */,
			);
			defaultConfigurationIsVisible = 0;
			defaultConfigurationName = Release;
		};
		28A495422CA25BA20030520D /* Build configuration list for PBXNativeTarget "cameraPhotoLibarary" */ = {
			isa = XCConfigurationList;
			buildConfigurations = (
				28A495432CA25BA20030520D /* Debug */,
				28A495442CA25BA20030520D /* Release */,
			);
			defaultConfigurationIsVisible = 0;
			defaultConfigurationName = Release;
		};
		28A495472CA25BA20030520D /* Build configuration list for PBXNativeTarget "cameraPhotoLibararyTests" */ = {
			isa = XCConfigurationList;
			buildConfigurations = (
				28A495482CA25BA20030520D /* Debug */,
				28A495492CA25BA20030520D /* Release */,
			);
			defaultConfigurationIsVisible = 0;
			defaultConfigurationName = Release;
		};
		28A4954A2CA25BA20030520D /* Build configuration list for PBXNativeTarget "cameraPhotoLibararyUITests" */ = {
			isa = XCConfigurationList;
			buildConfigurations = (
				28A4954B2CA25BA20030520D /* Debug */,
				28A4954C2CA25BA20030520D /* Release */,
			);
			defaultConfigurationIsVisible = 0;
			defaultConfigurationName = Release;
		};
/* End XCConfigurationList section */
	};
	rootObject = 28A495112CA25BA00030520D /* Project object */;
}
